
Microsoft Visual Studio Solution File, Format Version 12.00
# Visual Studio 15
VisualStudioVersion = 15.0.28307.271
MinimumVisualStudioVersion = 10.0.40219.1
Project("{FAE04EC0-301F-11D3-BF4B-00C04F79EFBC}") = "ChatSystem", "ChatSystem\ChatSystem.csproj", "{AD9497AF-477A-4D3B-9E03-8A86D08932C4}"
EndProject
Global
	GlobalSection(SolutionConfigurationPlatforms) = preSolution
		Debug|Any CPU = Debug|Any CPU
		Release|Any CPU = Release|Any CPU
	EndGlobalSection
	GlobalSection(ProjectConfigurationPlatforms) = postSolution
		{AD9497AF-477A-4D3B-9E03-8A86D08932C4}.Debug|Any CPU.ActiveCfg = Debug|Any CPU
		{AD9497AF-477A-4D3B-9E03-8A86D08932C4}.Debug|Any CPU.Build.0 = Debug|Any CPU
		{AD9497AF-477A-4D3B-9E03-8A86D08932C4}.Release|Any CPU.ActiveCfg = Release|Any CPU
		{AD9497AF-477A-4D3B-9E03-8A86D08932C4}.Release|Any CPU.Build.0 = Release|Any CPU
	EndGlobalSection
	GlobalSection(SolutionProperties) = preSolution
		HideSolutionNode = FALSE
	EndGlobalSection
	GlobalSection(ExtensibilityGlobals) = postSolution
		SolutionGuid = {9691CFA6-958E-407C-B1A3-5627C534B898}
	EndGlobalSection
EndGlobal
